
Microsoft Visual Studio Solution File, Format Version 12.00
# Visual Studio Version 16
VisualStudioVersion = 16.0.28922.388
MinimumVisualStudioVersion = 15.0.26124.0
Project("{2150E333-8FDC-42A3-9474-1A3956D46DE8}") = "ApiGateway", "ApiGateway", "{47C897D4-4058-4C3F-8D25-699AFF5153C1}"
EndProject
Project("{2150E333-8FDC-42A3-9474-1A3956D46DE8}") = "Customer", "Customer", "{313F8219-573B-432A-9802-7F2915CEA3C7}"
EndProject
Project("{9A19103F-16F7-4668-BE54-9A1E7A4F7556}") = "Api_gateway", "Api_gateway\Api_gateway.csproj", "{58F55AD2-C2C5-47AD-9AD7-40BA91EF0842}"
EndProject
Project("{FAE04EC0-301F-11D3-BF4B-00C04F79EFBC}") = "CustomerApi", "CustomerApi\CustomerApi.csproj", "{259B6DAC-F2BC-4319-82CF-9E858F547E04}"
EndProject
Project("{E53339B2-1760-4266-BCC7-CA923CBCF16C}") = "docker-compose", "docker-compose.dcproj", "{13E82CAA-A471-4488-9FFE-36009B6F1882}"
EndProject
Global
	GlobalSection(SolutionConfigurationPlatforms) = preSolution
		Debug|Any CPU = Debug|Any CPU
		Release|Any CPU = Release|Any CPU
	EndGlobalSection
	GlobalSection(ProjectConfigurationPlatforms) = postSolution
		{58F55AD2-C2C5-47AD-9AD7-40BA91EF0842}.Debug|Any CPU.ActiveCfg = Debug|Any CPU
		{58F55AD2-C2C5-47AD-9AD7-40BA91EF0842}.Debug|Any CPU.Build.0 = Debug|Any CPU
		{58F55AD2-C2C5-47AD-9AD7-40BA91EF0842}.Release|Any CPU.ActiveCfg = Release|Any CPU
		{58F55AD2-C2C5-47AD-9AD7-40BA91EF0842}.Release|Any CPU.Build.0 = Release|Any CPU
		{259B6DAC-F2BC-4319-82CF-9E858F547E04}.Debug|Any CPU.ActiveCfg = Debug|Any CPU
		{259B6DAC-F2BC-4319-82CF-9E858F547E04}.Debug|Any CPU.Build.0 = Debug|Any CPU
		{259B6DAC-F2BC-4319-82CF-9E858F547E04}.Release|Any CPU.ActiveCfg = Release|Any CPU
		{259B6DAC-F2BC-4319-82CF-9E858F547E04}.Release|Any CPU.Build.0 = Release|Any CPU
		{13E82CAA-A471-4488-9FFE-36009B6F1882}.Debug|Any CPU.ActiveCfg = Debug|Any CPU
		{13E82CAA-A471-4488-9FFE-36009B6F1882}.Debug|Any CPU.Build.0 = Debug|Any CPU
		{13E82CAA-A471-4488-9FFE-36009B6F1882}.Release|Any CPU.ActiveCfg = Release|Any CPU
		{13E82CAA-A471-4488-9FFE-36009B6F1882}.Release|Any CPU.Build.0 = Release|Any CPU
	EndGlobalSection
	GlobalSection(SolutionProperties) = preSolution
		HideSolutionNode = FALSE
	EndGlobalSection
	GlobalSection(NestedProjects) = preSolution
		{58F55AD2-C2C5-47AD-9AD7-40BA91EF0842} = {47C897D4-4058-4C3F-8D25-699AFF5153C1}
		{259B6DAC-F2BC-4319-82CF-9E858F547E04} = {313F8219-573B-432A-9802-7F2915CEA3C7}
	EndGlobalSection
	GlobalSection(ExtensibilityGlobals) = postSolution
		SolutionGuid = {CAA27FCE-8768-48F3-B4D0-63B9BC1D48F1}
	EndGlobalSection
EndGlobal
